
Microsoft Visual Studio Solution File, Format Version 12.00
# Visual Studio Version 16
VisualStudioVersion = 16.0.29411.108
MinimumVisualStudioVersion = 10.0.40219.1
Project("{FAE04EC0-301F-11D3-BF4B-00C04F79EFBC}") = "ConsoleApp", "ConsoleApp\ConsoleApp.csproj", "{908FE6DA-7F7C-429F-B0FC-7536F2E49AAD}"
EndProject
Global
	GlobalSection(SolutionConfigurationPlatforms) = preSolution
		Debug|Any CPU = Debug|Any CPU
		Release|Any CPU = Release|Any CPU
	EndGlobalSection
	GlobalSection(ProjectConfigurationPlatforms) = postSolution
		{908FE6DA-7F7C-429F-B0FC-7536F2E49AAD}.Debug|Any CPU.ActiveCfg = Debug|Any CPU
		{908FE6DA-7F7C-429F-B0FC-7536F2E49AAD}.Debug|Any CPU.Build.0 = Debug|Any CPU
		{908FE6DA-7F7C-429F-B0FC-7536F2E49AAD}.Release|Any CPU.ActiveCfg = Release|Any CPU
		{908FE6DA-7F7C-429F-B0FC-7536F2E49AAD}.Release|Any CPU.Build.0 = Release|Any CPU
	EndGlobalSection
	GlobalSection(SolutionProperties) = preSolution
		HideSolutionNode = FALSE
	EndGlobalSection
	GlobalSection(ExtensibilityGlobals) = postSolution
		SolutionGuid = {6459E09B-5504-40CB-9CF1-657F4A9D312D}
	EndGlobalSection
EndGlobal
